// !$*UTF8*$!
{
	archiveVersion = 1;
	classes = {
	};
	objectVersion = 56;
	objects = {

/* Begin PBXBuildFile section */
		095573372924BBC200088A25 /* RoundButton.swift in Sources */ = {isa = PBXBuildFile; fileRef = 095573362924BBC200088A25 /* RoundButton.swift */; };
		0955733B2924BD5100088A25 /* GuessViewController.swift in Sources */ = {isa = PBXBuildFile; fileRef = 0955733A2924BD5100088A25 /* GuessViewController.swift */; };
		095DBEB42924A7B800F462E5 /* AppDelegate.swift in Sources */ = {isa = PBXBuildFile; fileRef = 095DBEB32924A7B800F462E5 /* AppDelegate.swift */; };
		095DBEB62924A7B800F462E5 /* SceneDelegate.swift in Sources */ = {isa = PBXBuildFile; fileRef = 095DBEB52924A7B800F462E5 /* SceneDelegate.swift */; };
		095DBEB82924A7B800F462E5 /* MainViewController.swift in Sources */ = {isa = PBXBuildFile; fileRef = 095DBEB72924A7B800F462E5 /* MainViewController.swift */; };
		095DBEBB2924A7B800F462E5 /* Main.storyboard in Resources */ = {isa = PBXBuildFile; fileRef = 095DBEB92924A7B800F462E5 /* Main.storyboard */; };
		095DBEBD2924A7B900F462E5 /* Assets.xcassets in Resources */ = {isa = PBXBuildFile; fileRef = 095DBEBC2924A7B900F462E5 /* Assets.xcassets */; };
		095DBEC02924A7B900F462E5 /* LaunchScreen.storyboard in Resources */ = {isa = PBXBuildFile; fileRef = 095DBEBE2924A7B900F462E5 /* LaunchScreen.storyboard */; };
		097A8ED92924CA63007D8A57 /* ComputerGuessesViewController.swift in Sources */ = {isa = PBXBuildFile; fileRef = 097A8ED82924CA63007D8A57 /* ComputerGuessesViewController.swift */; };
		097A8EDB2924E87A007D8A57 /* HumanGuessesViewController.swift in Sources */ = {isa = PBXBuildFile; fileRef = 097A8EDA2924E87A007D8A57 /* HumanGuessesViewController.swift */; };
		097A8EDD2924F0DA007D8A57 /* ScoreViewController.swift in Sources */ = {isa = PBXBuildFile; fileRef = 097A8EDC2924F0DA007D8A57 /* ScoreViewController.swift */; };
		097A8EDF2924FB94007D8A57 /* ScoreModel.swift in Sources */ = {isa = PBXBuildFile; fileRef = 097A8EDE2924FB94007D8A57 /* ScoreModel.swift */; };
		097A8EE22925042D007D8A57 /* ViewControllerExtension.swift in Sources */ = {isa = PBXBuildFile; fileRef = 097A8EE12925042D007D8A57 /* ViewControllerExtension.swift */; };
		097A8EEB292506F6007D8A57 /* ComputerGuessesModel.swift in Sources */ = {isa = PBXBuildFile; fileRef = 097A8EEA292506F6007D8A57 /* ComputerGuessesModel.swift */; };
		097A8EED29250702007D8A57 /* ComputerGuessesViewModel.swift in Sources */ = {isa = PBXBuildFile; fileRef = 097A8EEC29250702007D8A57 /* ComputerGuessesViewModel.swift */; };
		09AC337129262FDA008F201D /* GuessViewModel.swift in Sources */ = {isa = PBXBuildFile; fileRef = 09AC337029262FDA008F201D /* GuessViewModel.swift */; };
		09AC337329262FF3008F201D /* GuessModel.swift in Sources */ = {isa = PBXBuildFile; fileRef = 09AC337229262FF3008F201D /* GuessModel.swift */; };
		09F36CC92926121B00376D38 /* HumanGuessesViewModel.swift in Sources */ = {isa = PBXBuildFile; fileRef = 09F36CC82926121B00376D38 /* HumanGuessesViewModel.swift */; };
		09F36CCB2926124E00376D38 /* HumanGuessesModel.swift in Sources */ = {isa = PBXBuildFile; fileRef = 09F36CCA2926124E00376D38 /* HumanGuessesModel.swift */; };
		09F36CCD2926193700376D38 /* ScoreViewModel.swift in Sources */ = {isa = PBXBuildFile; fileRef = 09F36CCC2926193700376D38 /* ScoreViewModel.swift */; };
/* End PBXBuildFile section */

/* Begin PBXFileReference section */
		095573362924BBC200088A25 /* RoundButton.swift */ = {isa = PBXFileReference; lastKnownFileType = sourcecode.swift; path = RoundButton.swift; sourceTree = "<group>"; };
		0955733A2924BD5100088A25 /* GuessViewController.swift */ = {isa = PBXFileReference; lastKnownFileType = sourcecode.swift; path = GuessViewController.swift; sourceTree = "<group>"; };
		095DBEB02924A7B800F462E5 /* MiniGame.app */ = {isa = PBXFileReference; explicitFileType = wrapper.application; includeInIndex = 0; path = MiniGame.app; sourceTree = BUILT_PRODUCTS_DIR; };
		095DBEB32924A7B800F462E5 /* AppDelegate.swift */ = {isa = PBXFileReference; lastKnownFileType = sourcecode.swift; path = AppDelegate.swift; sourceTree = "<group>"; };
		095DBEB52924A7B800F462E5 /* SceneDelegate.swift */ = {isa = PBXFileReference; lastKnownFileType = sourcecode.swift; path = SceneDelegate.swift; sourceTree = "<group>"; };
		095DBEB72924A7B800F462E5 /* MainViewController.swift */ = {isa = PBXFileReference; lastKnownFileType = sourcecode.swift; path = MainViewController.swift; sourceTree = "<group>"; };
		095DBEBA2924A7B800F462E5 /* Base */ = {isa = PBXFileReference; lastKnownFileType = file.storyboard; name = Base; path = Base.lproj/Main.storyboard; sourceTree = "<group>"; };
		095DBEBC2924A7B900F462E5 /* Assets.xcassets */ = {isa = PBXFileReference; lastKnownFileType = folder.assetcatalog; path = Assets.xcassets; sourceTree = "<group>"; };
		095DBEBF2924A7B900F462E5 /* Base */ = {isa = PBXFileReference; lastKnownFileType = file.storyboard; name = Base; path = Base.lproj/LaunchScreen.storyboard; sourceTree = "<group>"; };
		095DBEC12924A7B900F462E5 /* Info.plist */ = {isa = PBXFileReference; lastKnownFileType = text.plist.xml; path = Info.plist; sourceTree = "<group>"; };
		097A8ED82924CA63007D8A57 /* ComputerGuessesViewController.swift */ = {isa = PBXFileReference; lastKnownFileType = sourcecode.swift; path = ComputerGuessesViewController.swift; sourceTree = "<group>"; };
		097A8EDA2924E87A007D8A57 /* HumanGuessesViewController.swift */ = {isa = PBXFileReference; lastKnownFileType = sourcecode.swift; path = HumanGuessesViewController.swift; sourceTree = "<group>"; };
		097A8EDC2924F0DA007D8A57 /* ScoreViewController.swift */ = {isa = PBXFileReference; lastKnownFileType = sourcecode.swift; path = ScoreViewController.swift; sourceTree = "<group>"; };
		097A8EDE2924FB94007D8A57 /* ScoreModel.swift */ = {isa = PBXFileReference; lastKnownFileType = sourcecode.swift; path = ScoreModel.swift; sourceTree = "<group>"; };
		097A8EE12925042D007D8A57 /* ViewControllerExtension.swift */ = {isa = PBXFileReference; lastKnownFileType = sourcecode.swift; path = ViewControllerExtension.swift; sourceTree = "<group>"; };
		097A8EEA292506F6007D8A57 /* ComputerGuessesModel.swift */ = {isa = PBXFileReference; lastKnownFileType = sourcecode.swift; path = ComputerGuessesModel.swift; sourceTree = "<group>"; };
		097A8EEC29250702007D8A57 /* ComputerGuessesViewModel.swift */ = {isa = PBXFileReference; lastKnownFileType = sourcecode.swift; path = ComputerGuessesViewModel.swift; sourceTree = "<group>"; };
		09AC337029262FDA008F201D /* GuessViewModel.swift */ = {isa = PBXFileReference; lastKnownFileType = sourcecode.swift; path = GuessViewModel.swift; sourceTree = "<group>"; };
		09AC337229262FF3008F201D /* GuessModel.swift */ = {isa = PBXFileReference; lastKnownFileType = sourcecode.swift; path = GuessModel.swift; sourceTree = "<group>"; };
		09F36CC82926121B00376D38 /* HumanGuessesViewModel.swift */ = {isa = PBXFileReference; lastKnownFileType = sourcecode.swift; path = HumanGuessesViewModel.swift; sourceTree = "<group>"; };
		09F36CCA2926124E00376D38 /* HumanGuessesModel.swift */ = {isa = PBXFileReference; lastKnownFileType = sourcecode.swift; path = HumanGuessesModel.swift; sourceTree = "<group>"; };
		09F36CCC2926193700376D38 /* ScoreViewModel.swift */ = {isa = PBXFileReference; lastKnownFileType = sourcecode.swift; path = ScoreViewModel.swift; sourceTree = "<group>"; };
/* End PBXFileReference section */

/* Begin PBXFrameworksBuildPhase section */
		095DBEAD2924A7B800F462E5 /* Frameworks */ = {
			isa = PBXFrameworksBuildPhase;
			buildActionMask = 2147483647;
			files = (
			);
			runOnlyForDeploymentPostprocessing = 0;
		};
/* End PBXFrameworksBuildPhase section */

/* Begin PBXGroup section */
		095573382924BBD600088A25 /* Styling */ = {
			isa = PBXGroup;
			children = (
				095573362924BBC200088A25 /* RoundButton.swift */,
			);
			path = Styling;
			sourceTree = "<group>";
		};
		095573392924BC6400088A25 /* Storyboard */ = {
			isa = PBXGroup;
			children = (
				095DBEBE2924A7B900F462E5 /* LaunchScreen.storyboard */,
				095DBEB92924A7B800F462E5 /* Main.storyboard */,
			);
			path = Storyboard;
			sourceTree = "<group>";
		};
		095DBEA72924A7B800F462E5 = {
			isa = PBXGroup;
			children = (
				095DBEB22924A7B800F462E5 /* MiniGame */,
				095DBEB12924A7B800F462E5 /* Products */,
			);
			sourceTree = "<group>";
		};
		095DBEB12924A7B800F462E5 /* Products */ = {
			isa = PBXGroup;
			children = (
				095DBEB02924A7B800F462E5 /* MiniGame.app */,
			);
			name = Products;
			sourceTree = "<group>";
		};
		095DBEB22924A7B800F462E5 /* MiniGame */ = {
			isa = PBXGroup;
			children = (
				095DBEBC2924A7B900F462E5 /* Assets.xcassets */,
				095DBEC12924A7B900F462E5 /* Info.plist */,
				097A8EE32925045F007D8A57 /* Delegate */,
				097A8EE029250409007D8A57 /* Extension */,
				095573392924BC6400088A25 /* Storyboard */,
				095573382924BBD600088A25 /* Styling */,
				09AC336F29262832008F201D /* ViewControllers */,
			);
			path = MiniGame;
			sourceTree = "<group>";
		};
		097A8EE029250409007D8A57 /* Extension */ = {
			isa = PBXGroup;
			children = (
				097A8EE12925042D007D8A57 /* ViewControllerExtension.swift */,
			);
			path = Extension;
			sourceTree = "<group>";
		};
		097A8EE32925045F007D8A57 /* Delegate */ = {
			isa = PBXGroup;
			children = (
				095DBEB52924A7B800F462E5 /* SceneDelegate.swift */,
				095DBEB32924A7B800F462E5 /* AppDelegate.swift */,
			);
			path = Delegate;
			sourceTree = "<group>";
		};
		097A8EE4292504EF007D8A57 /* Guess */ = {
			isa = PBXGroup;
			children = (
				0955733A2924BD5100088A25 /* GuessViewController.swift */,
				09AC337029262FDA008F201D /* GuessViewModel.swift */,
				09AC337229262FF3008F201D /* GuessModel.swift */,
			);
			path = Guess;
			sourceTree = "<group>";
		};
		097A8EE7292506B3007D8A57 /* ComputerGuesses */ = {
			isa = PBXGroup;
			children = (
				097A8ED82924CA63007D8A57 /* ComputerGuessesViewController.swift */,
				097A8EEA292506F6007D8A57 /* ComputerGuessesModel.swift */,
				097A8EEC29250702007D8A57 /* ComputerGuessesViewModel.swift */,
			);
			path = ComputerGuesses;
			sourceTree = "<group>";
		};
		097A8EE8292506C9007D8A57 /* HumanGuesses */ = {
			isa = PBXGroup;
			children = (
				097A8EDA2924E87A007D8A57 /* HumanGuessesViewController.swift */,
				09F36CC82926121B00376D38 /* HumanGuessesViewModel.swift */,
				09F36CCA2926124E00376D38 /* HumanGuessesModel.swift */,
			);
			path = HumanGuesses;
			sourceTree = "<group>";
		};
		097A8EE9292506D6007D8A57 /* Score */ = {
			isa = PBXGroup;
			children = (
				097A8EDE2924FB94007D8A57 /* ScoreModel.swift */,
				097A8EDC2924F0DA007D8A57 /* ScoreViewController.swift */,
				09F36CCC2926193700376D38 /* ScoreViewModel.swift */,
			);
			path = Score;
			sourceTree = "<group>";
		};
		09AC336F29262832008F201D /* ViewControllers */ = {
			isa = PBXGroup;
			children = (
				097A8EE7292506B3007D8A57 /* ComputerGuesses */,
				097A8EE4292504EF007D8A57 /* Guess */,
				097A8EE8292506C9007D8A57 /* HumanGuesses */,
				095DBEB72924A7B800F462E5 /* MainViewController.swift */,
				097A8EE9292506D6007D8A57 /* Score */,
			);
			path = ViewControllers;
			sourceTree = "<group>";
		};
/* End PBXGroup section */

/* Begin PBXNativeTarget section */
		095DBEAF2924A7B800F462E5 /* MiniGame */ = {
			isa = PBXNativeTarget;
			buildConfigurationList = 095DBEC42924A7B900F462E5 /* Build configuration list for PBXNativeTarget "MiniGame" */;
			buildPhases = (
				095DBEAC2924A7B800F462E5 /* Sources */,
				095DBEAD2924A7B800F462E5 /* Frameworks */,
				095DBEAE2924A7B800F462E5 /* Resources */,
			);
			buildRules = (
			);
			dependencies = (
			);
			name = MiniGame;
			productName = MiniGame;
			productReference = 095DBEB02924A7B800F462E5 /* MiniGame.app */;
			productType = "com.apple.product-type.application";
		};
/* End PBXNativeTarget section */

/* Begin PBXProject section */
		095DBEA82924A7B800F462E5 /* Project object */ = {
			isa = PBXProject;
			attributes = {
				BuildIndependentTargetsInParallel = 1;
				LastSwiftUpdateCheck = 1410;
				LastUpgradeCheck = 1410;
				TargetAttributes = {
					095DBEAF2924A7B800F462E5 = {
						CreatedOnToolsVersion = 14.1;
					};
				};
			};
			buildConfigurationList = 095DBEAB2924A7B800F462E5 /* Build configuration list for PBXProject "MiniGame" */;
			compatibilityVersion = "Xcode 14.0";
			developmentRegion = en;
			hasScannedForEncodings = 0;
			knownRegions = (
				en,
				Base,
			);
			mainGroup = 095DBEA72924A7B800F462E5;
			productRefGroup = 095DBEB12924A7B800F462E5 /* Products */;
			projectDirPath = "";
			projectRoot = "";
			targets = (
				095DBEAF2924A7B800F462E5 /* MiniGame */,
			);
		};
/* End PBXProject section */

/* Begin PBXResourcesBuildPhase section */
		095DBEAE2924A7B800F462E5 /* Resources */ = {
			isa = PBXResourcesBuildPhase;
			buildActionMask = 2147483647;
			files = (
				095DBEC02924A7B900F462E5 /* LaunchScreen.storyboard in Resources */,
				095DBEBD2924A7B900F462E5 /* Assets.xcassets in Resources */,
				095DBEBB2924A7B800F462E5 /* Main.storyboard in Resources */,
			);
			runOnlyForDeploymentPostprocessing = 0;
		};
/* End PBXResourcesBuildPhase section */

/* Begin PBXSourcesBuildPhase section */
		095DBEAC2924A7B800F462E5 /* Sources */ = {
			isa = PBXSourcesBuildPhase;
			buildActionMask = 2147483647;
			files = (
				097A8EEB292506F6007D8A57 /* ComputerGuessesModel.swift in Sources */,
				09F36CCB2926124E00376D38 /* HumanGuessesModel.swift in Sources */,
				09AC337129262FDA008F201D /* GuessViewModel.swift in Sources */,
				095573372924BBC200088A25 /* RoundButton.swift in Sources */,
				0955733B2924BD5100088A25 /* GuessViewController.swift in Sources */,
				097A8ED92924CA63007D8A57 /* ComputerGuessesViewController.swift in Sources */,
				095DBEB82924A7B800F462E5 /* MainViewController.swift in Sources */,
				09F36CCD2926193700376D38 /* ScoreViewModel.swift in Sources */,
				095DBEB42924A7B800F462E5 /* AppDelegate.swift in Sources */,
				097A8EED29250702007D8A57 /* ComputerGuessesViewModel.swift in Sources */,
				095DBEB62924A7B800F462E5 /* SceneDelegate.swift in Sources */,
				097A8EDF2924FB94007D8A57 /* ScoreModel.swift in Sources */,
				097A8EDB2924E87A007D8A57 /* HumanGuessesViewController.swift in Sources */,
				09F36CC92926121B00376D38 /* HumanGuessesViewModel.swift in Sources */,
				097A8EE22925042D007D8A57 /* ViewControllerExtension.swift in Sources */,
				097A8EDD2924F0DA007D8A57 /* ScoreViewController.swift in Sources */,
				09AC337329262FF3008F201D /* GuessModel.swift in Sources */,
			);
			runOnlyForDeploymentPostprocessing = 0;
		};
/* End PBXSourcesBuildPhase section */

/* Begin PBXVariantGroup section */
		095DBEB92924A7B800F462E5 /* Main.storyboard */ = {
			isa = PBXVariantGroup;
			children = (
				095DBEBA2924A7B800F462E5 /* Base */,
			);
			name = Main.storyboard;
			sourceTree = "<group>";
		};
		095DBEBE2924A7B900F462E5 /* LaunchScreen.storyboard */ = {
			isa = PBXVariantGroup;
			children = (
				095DBEBF2924A7B900F462E5 /* Base */,
			);
			name = LaunchScreen.storyboard;
			sourceTree = "<group>";
		};
/* End PBXVariantGroup section */

/* Begin XCBuildConfiguration section */
		095DBEC22924A7B900F462E5 /* Debug */ = {
			isa = XCBuildConfiguration;
			buildSettings = {
				ALWAYS_SEARCH_USER_PATHS = NO;
				CLANG_ANALYZER_NONNULL = YES;
				CLANG_ANALYZER_NUMBER_OBJECT_CONVERSION = YES_AGGRESSIVE;
				CLANG_CXX_LANGUAGE_STANDARD = "gnu++20";
				CLANG_ENABLE_MODULES = YES;
				CLANG_ENABLE_OBJC_ARC = YES;
				CLANG_ENABLE_OBJC_WEAK = YES;
				CLANG_WARN_BLOCK_CAPTURE_AUTORELEASING = YES;
				CLANG_WARN_BOOL_CONVERSION = YES;
				CLANG_WARN_COMMA = YES;
				CLANG_WARN_CONSTANT_CONVERSION = YES;
				CLANG_WARN_DEPRECATED_OBJC_IMPLEMENTATIONS = YES;
				CLANG_WARN_DIRECT_OBJC_ISA_USAGE = YES_ERROR;
				CLANG_WARN_DOCUMENTATION_COMMENTS = YES;
				CLANG_WARN_EMPTY_BODY = YES;
				CLANG_WARN_ENUM_CONVERSION = YES;
				CLANG_WARN_INFINITE_RECURSION = YES;
				CLANG_WARN_INT_CONVERSION = YES;
				CLANG_WARN_NON_LITERAL_NULL_CONVERSION = YES;
				CLANG_WARN_OBJC_IMPLICIT_RETAIN_SELF = YES;
				CLANG_WARN_OBJC_LITERAL_CONVERSION = YES;
				CLANG_WARN_OBJC_ROOT_CLASS = YES_ERROR;
				CLANG_WARN_QUOTED_INCLUDE_IN_FRAMEWORK_HEADER = YES;
				CLANG_WARN_RANGE_LOOP_ANALYSIS = YES;
				CLANG_WARN_STRICT_PROTOTYPES = YES;
				CLANG_WARN_SUSPICIOUS_MOVE = YES;
				CLANG_WARN_UNGUARDED_AVAILABILITY = YES_AGGRESSIVE;
				CLANG_WARN_UNREACHABLE_CODE = YES;
				CLANG_WARN__DUPLICATE_METHOD_MATCH = YES;
				COPY_PHASE_STRIP = NO;
				DEBUG_INFORMATION_FORMAT = dwarf;
				ENABLE_STRICT_OBJC_MSGSEND = YES;
				ENABLE_TESTABILITY = YES;
				GCC_C_LANGUAGE_STANDARD = gnu11;
				GCC_DYNAMIC_NO_PIC = NO;
				GCC_NO_COMMON_BLOCKS = YES;
				GCC_OPTIMIZATION_LEVEL = 0;
				GCC_PREPROCESSOR_DEFINITIONS = (
					"DEBUG=1",
					"$(inherited)",
				);
				GCC_WARN_64_TO_32_BIT_CONVERSION = YES;
				GCC_WARN_ABOUT_RETURN_TYPE = YES_ERROR;
				GCC_WARN_UNDECLARED_SELECTOR = YES;
				GCC_WARN_UNINITIALIZED_AUTOS = YES_AGGRESSIVE;
				GCC_WARN_UNUSED_FUNCTION = YES;
				GCC_WARN_UNUSED_VARIABLE = YES;
				IPHONEOS_DEPLOYMENT_TARGET = 16.1;
				MTL_ENABLE_DEBUG_INFO = INCLUDE_SOURCE;
				MTL_FAST_MATH = YES;
				ONLY_ACTIVE_ARCH = YES;
				SDKROOT = iphoneos;
				SWIFT_ACTIVE_COMPILATION_CONDITIONS = DEBUG;
				SWIFT_OPTIMIZATION_LEVEL = "-Onone";
			};
			name = Debug;
		};
		095DBEC32924A7B900F462E5 /* Release */ = {
			isa = XCBuildConfiguration;
			buildSettings = {
				ALWAYS_SEARCH_USER_PATHS = NO;
				CLANG_ANALYZER_NONNULL = YES;
				CLANG_ANALYZER_NUMBER_OBJECT_CONVERSION = YES_AGGRESSIVE;
				CLANG_CXX_LANGUAGE_STANDARD = "gnu++20";
				CLANG_ENABLE_MODULES = YES;
				CLANG_ENABLE_OBJC_ARC = YES;
				CLANG_ENABLE_OBJC_WEAK = YES;
				CLANG_WARN_BLOCK_CAPTURE_AUTORELEASING = YES;
				CLANG_WARN_BOOL_CONVERSION = YES;
				CLANG_WARN_COMMA = YES;
				CLANG_WARN_CONSTANT_CONVERSION = YES;
				CLANG_WARN_DEPRECATED_OBJC_IMPLEMENTATIONS = YES;
				CLANG_WARN_DIRECT_OBJC_ISA_USAGE = YES_ERROR;
				CLANG_WARN_DOCUMENTATION_COMMENTS = YES;
				CLANG_WARN_EMPTY_BODY = YES;
				CLANG_WARN_ENUM_CONVERSION = YES;
				CLANG_WARN_INFINITE_RECURSION = YES;
				CLANG_WARN_INT_CONVERSION = YES;
				CLANG_WARN_NON_LITERAL_NULL_CONVERSION = YES;
				CLANG_WARN_OBJC_IMPLICIT_RETAIN_SELF = YES;
				CLANG_WARN_OBJC_LITERAL_CONVERSION = YES;
				CLANG_WARN_OBJC_ROOT_CLASS = YES_ERROR;
				CLANG_WARN_QUOTED_INCLUDE_IN_FRAMEWORK_HEADER = YES;
				CLANG_WARN_RANGE_LOOP_ANALYSIS = YES;
				CLANG_WARN_STRICT_PROTOTYPES = YES;
				CLANG_WARN_SUSPICIOUS_MOVE = YES;
				CLANG_WARN_UNGUARDED_AVAILABILITY = YES_AGGRESSIVE;
				CLANG_WARN_UNREACHABLE_CODE = YES;
				CLANG_WARN__DUPLICATE_METHOD_MATCH = YES;
				COPY_PHASE_STRIP = NO;
				DEBUG_INFORMATION_FORMAT = "dwarf-with-dsym";
				ENABLE_NS_ASSERTIONS = NO;
				ENABLE_STRICT_OBJC_MSGSEND = YES;
				GCC_C_LANGUAGE_STANDARD = gnu11;
				GCC_NO_COMMON_BLOCKS = YES;
				GCC_WARN_64_TO_32_BIT_CONVERSION = YES;
				GCC_WARN_ABOUT_RETURN_TYPE = YES_ERROR;
				GCC_WARN_UNDECLARED_SELECTOR = YES;
				GCC_WARN_UNINITIALIZED_AUTOS = YES_AGGRESSIVE;
				GCC_WARN_UNUSED_FUNCTION = YES;
				GCC_WARN_UNUSED_VARIABLE = YES;
				IPHONEOS_DEPLOYMENT_TARGET = 16.1;
				MTL_ENABLE_DEBUG_INFO = NO;
				MTL_FAST_MATH = YES;
				SDKROOT = iphoneos;
				SWIFT_COMPILATION_MODE = wholemodule;
				SWIFT_OPTIMIZATION_LEVEL = "-O";
				VALIDATE_PRODUCT = YES;
			};
			name = Release;
		};
		095DBEC52924A7B900F462E5 /* Debug */ = {
			isa = XCBuildConfiguration;
			buildSettings = {
				ASSETCATALOG_COMPILER_APPICON_NAME = AppIcon;
				ASSETCATALOG_COMPILER_GLOBAL_ACCENT_COLOR_NAME = AccentColor;
				CODE_SIGN_STYLE = Automatic;
				CURRENT_PROJECT_VERSION = 1;
				DEVELOPMENT_TEAM = 9B7MLUGM59;
				GENERATE_INFOPLIST_FILE = YES;
				INFOPLIST_FILE = MiniGame/Info.plist;
				INFOPLIST_KEY_UIApplicationSupportsIndirectInputEvents = YES;
				INFOPLIST_KEY_UILaunchStoryboardName = LaunchScreen;
				INFOPLIST_KEY_UIMainStoryboardFile = Main;
				INFOPLIST_KEY_UISupportedInterfaceOrientations_iPad = "UIInterfaceOrientationPortrait UIInterfaceOrientationPortraitUpsideDown UIInterfaceOrientationLandscapeLeft UIInterfaceOrientationLandscapeRight";
				INFOPLIST_KEY_UISupportedInterfaceOrientations_iPhone = "UIInterfaceOrientationPortrait UIInterfaceOrientationLandscapeLeft UIInterfaceOrientationLandscapeRight";
				LD_RUNPATH_SEARCH_PATHS = (
					"$(inherited)",
					"@executable_path/Frameworks",
				);
				MARKETING_VERSION = 1.0;
				PRODUCT_BUNDLE_IDENTIFIER = com.everlastingholder.MiniGame;
				PRODUCT_NAME = "$(TARGET_NAME)";
				SWIFT_EMIT_LOC_STRINGS = YES;
				SWIFT_VERSION = 5.0;
				TARGETED_DEVICE_FAMILY = "1,2";
			};
			name = Debug;
		};
		095DBEC62924A7B900F462E5 /* Release */ = {
			isa = XCBuildConfiguration;
			buildSettings = {
				ASSETCATALOG_COMPILER_APPICON_NAME = AppIcon;
				ASSETCATALOG_COMPILER_GLOBAL_ACCENT_COLOR_NAME = AccentColor;
				CODE_SIGN_STYLE = Automatic;
				CURRENT_PROJECT_VERSION = 1;
				DEVELOPMENT_TEAM = 9B7MLUGM59;
				GENERATE_INFOPLIST_FILE = YES;
				INFOPLIST_FILE = MiniGame/Info.plist;
				INFOPLIST_KEY_UIApplicationSupportsIndirectInputEvents = YES;
				INFOPLIST_KEY_UILaunchStoryboardName = LaunchScreen;
				INFOPLIST_KEY_UIMainStoryboardFile = Main;
				INFOPLIST_KEY_UISupportedInterfaceOrientations_iPad = "UIInterfaceOrientationPortrait UIInterfaceOrientationPortraitUpsideDown UIInterfaceOrientationLandscapeLeft UIInterfaceOrientationLandscapeRight";
				INFOPLIST_KEY_UISupportedInterfaceOrientations_iPhone = "UIInterfaceOrientationPortrait UIInterfaceOrientationLandscapeLeft UIInterfaceOrientationLandscapeRight";
				LD_RUNPATH_SEARCH_PATHS = (
					"$(inherited)",
					"@executable_path/Frameworks",
				);
				MARKETING_VERSION = 1.0;
				PRODUCT_BUNDLE_IDENTIFIER = com.everlastingholder.MiniGame;
				PRODUCT_NAME = "$(TARGET_NAME)";
				SWIFT_EMIT_LOC_STRINGS = YES;
				SWIFT_VERSION = 5.0;
				TARGETED_DEVICE_FAMILY = "1,2";
			};
			name = Release;
		};
/* End XCBuildConfiguration section */

/* Begin XCConfigurationList section */
		095DBEAB2924A7B800F462E5 /* Build configuration list for PBXProject "MiniGame" */ = {
			isa = XCConfigurationList;
			buildConfigurations = (
				095DBEC22924A7B900F462E5 /* Debug */,
				095DBEC32924A7B900F462E5 /* Release */,
			);
			defaultConfigurationIsVisible = 0;
			defaultConfigurationName = Release;
		};
		095DBEC42924A7B900F462E5 /* Build configuration list for PBXNativeTarget "MiniGame" */ = {
			isa = XCConfigurationList;
			buildConfigurations = (
				095DBEC52924A7B900F462E5 /* Debug */,
				095DBEC62924A7B900F462E5 /* Release */,
			);
			defaultConfigurationIsVisible = 0;
			defaultConfigurationName = Release;
		};
/* End XCConfigurationList section */
	};
	rootObject = 095DBEA82924A7B800F462E5 /* Project object */;
}
